{
  "name": "@hauntapi/mcp-server",
  "version": "1.0.8",
  "lockfileVersion": 3,
  "requires": true,
  "packages": {
    "": {
      "name": "@hauntapi/mcp-server",
      "version": "1.0.8",
      "license": "MIT",
      "bin": {
        "haunt-mcp": "index.js",
        "mcp-server": "index.js"
      }
    }
  }
}
